
Microsoft Visual Studio Solution File, Format Version 12.00
# Visual Studio Version 17
VisualStudioVersion = 17.2.32616.157
MinimumVisualStudioVersion = 10.0.40219.1
Project("{FAE04EC0-301F-11D3-BF4B-00C04F79EFBC}") = "Walle.DeviceId", "Walle.DeviceId\Walle.DeviceId.csproj", "{D015B784-B5D8-4633-BCA3-03529939B626}"
EndProject
Project("{FAE04EC0-301F-11D3-BF4B-00C04F79EFBC}") = "Walle.DeviceId.Sample", "Walle.DeviceId.Sample\Walle.DeviceId.Sample.csproj", "{20613BD7-FFBB-41DF-B099-5D63B3AA20FB}"
EndProject
Global
	GlobalSection(SolutionConfigurationPlatforms) = preSolution
		Debug|Any CPU = Debug|Any CPU
		Release|Any CPU = Release|Any CPU
	EndGlobalSection
	GlobalSection(ProjectConfigurationPlatforms) = postSolution
		{D015B784-B5D8-4633-BCA3-03529939B626}.Debug|Any CPU.ActiveCfg = Debug|Any CPU
		{D015B784-B5D8-4633-BCA3-03529939B626}.Debug|Any CPU.Build.0 = Debug|Any CPU
		{D015B784-B5D8-4633-BCA3-03529939B626}.Release|Any CPU.ActiveCfg = Release|Any CPU
		{D015B784-B5D8-4633-BCA3-03529939B626}.Release|Any CPU.Build.0 = Release|Any CPU
		{20613BD7-FFBB-41DF-B099-5D63B3AA20FB}.Debug|Any CPU.ActiveCfg = Debug|Any CPU
		{20613BD7-FFBB-41DF-B099-5D63B3AA20FB}.Debug|Any CPU.Build.0 = Debug|Any CPU
		{20613BD7-FFBB-41DF-B099-5D63B3AA20FB}.Release|Any CPU.ActiveCfg = Release|Any CPU
		{20613BD7-FFBB-41DF-B099-5D63B3AA20FB}.Release|Any CPU.Build.0 = Release|Any CPU
	EndGlobalSection
	GlobalSection(SolutionProperties) = preSolution
		HideSolutionNode = FALSE
	EndGlobalSection
	GlobalSection(ExtensibilityGlobals) = postSolution
		SolutionGuid = {FE01E204-4355-41AC-8F76-7292ADD181C0}
	EndGlobalSection
EndGlobal
